
Microsoft Visual Studio Solution File, Format Version 12.00
# Visual Studio Version 16
VisualStudioVersion = 16.0.32228.343
MinimumVisualStudioVersion = 10.0.40219.1
Project("{8BC9CEB8-8B4A-11D0-8D11-00A0C91BC942}") = "U2", "U2.vcxproj", "{139CBF27-2FE6-4DFE-A018-3F74DF63C7F9}"
EndProject
Project("{8BC9CEB8-8B4A-11D0-8D11-00A0C91BC942}") = "U2_2", "..\U2_2\U2_2.vcxproj", "{043A8A7B-BB3F-41F1-980C-142CB9746B99}"
EndProject
Project("{8BC9CEB8-8B4A-11D0-8D11-00A0C91BC942}") = "U2_3", "..\U2_3\U2_3.vcxproj", "{77A7B8DF-9FC4-42A5-BEA1-CE26A867A98C}"
EndProject
Project("{8BC9CEB8-8B4A-11D0-8D11-00A0C91BC942}") = "U2_4", "..\U2_4\U2_4.vcxproj", "{656E9F65-B4B5-41C0-8D33-D59613E013B5}"
EndProject
Project("{8BC9CEB8-8B4A-11D0-8D11-00A0C91BC942}") = "U2_5", "..\U2_5\U2_5.vcxproj", "{80016BCE-1BDE-4724-A776-9951AEBAD68B}"
EndProject
Project("{8BC9CEB8-8B4A-11D0-8D11-00A0C91BC942}") = "U2_6", "..\U2_6\U2_6.vcxproj", "{164EA023-D2C0-40AB-9CB5-1A737ACD15F9}"
EndProject
Project("{8BC9CEB8-8B4A-11D0-8D11-00A0C91BC942}") = "U2_7", "..\U2_7\U2_7.vcxproj", "{7901A849-4357-4A73-8561-A8647CC9F9BD}"
EndProject
Project("{8BC9CEB8-8B4A-11D0-8D11-00A0C91BC942}") = "U2_8", "..\U2_8\U2_8.vcxproj", "{7AD9940E-2347-4AFE-A589-4046CD5E7609}"
EndProject
Project("{8BC9CEB8-8B4A-11D0-8D11-00A0C91BC942}") = "U2_9", "..\U2_9\U2_9.vcxproj", "{CB6296F2-9B92-4B3E-9922-3276B183A94E}"
EndProject
Global
	GlobalSection(SolutionConfigurationPlatforms) = preSolution
		Debug|x64 = Debug|x64
		Debug|x86 = Debug|x86
		Release|x64 = Release|x64
		Release|x86 = Release|x86
	EndGlobalSection
	GlobalSection(ProjectConfigurationPlatforms) = postSolution
		{139CBF27-2FE6-4DFE-A018-3F74DF63C7F9}.Debug|x64.ActiveCfg = Debug|x64
		{139CBF27-2FE6-4DFE-A018-3F74DF63C7F9}.Debug|x64.Build.0 = Debug|x64
		{139CBF27-2FE6-4DFE-A018-3F74DF63C7F9}.Debug|x86.ActiveCfg = Debug|Win32
		{139CBF27-2FE6-4DFE-A018-3F74DF63C7F9}.Debug|x86.Build.0 = Debug|Win32
		{139CBF27-2FE6-4DFE-A018-3F74DF63C7F9}.Release|x64.ActiveCfg = Release|x64
		{139CBF27-2FE6-4DFE-A018-3F74DF63C7F9}.Release|x64.Build.0 = Release|x64
		{139CBF27-2FE6-4DFE-A018-3F74DF63C7F9}.Release|x86.ActiveCfg = Release|Win32
		{139CBF27-2FE6-4DFE-A018-3F74DF63C7F9}.Release|x86.Build.0 = Release|Win32
		{043A8A7B-BB3F-41F1-980C-142CB9746B99}.Debug|x64.ActiveCfg = Debug|x64
		{043A8A7B-BB3F-41F1-980C-142CB9746B99}.Debug|x64.Build.0 = Debug|x64
		{043A8A7B-BB3F-41F1-980C-142CB9746B99}.Debug|x86.ActiveCfg = Debug|Win32
		{043A8A7B-BB3F-41F1-980C-142CB9746B99}.Debug|x86.Build.0 = Debug|Win32
		{043A8A7B-BB3F-41F1-980C-142CB9746B99}.Release|x64.ActiveCfg = Release|x64
		{043A8A7B-BB3F-41F1-980C-142CB9746B99}.Release|x64.Build.0 = Release|x64
		{043A8A7B-BB3F-41F1-980C-142CB9746B99}.Release|x86.ActiveCfg = Release|Win32
		{043A8A7B-BB3F-41F1-980C-142CB9746B99}.Release|x86.Build.0 = Release|Win32
		{77A7B8DF-9FC4-42A5-BEA1-CE26A867A98C}.Debug|x64.ActiveCfg = Debug|x64
		{77A7B8DF-9FC4-42A5-BEA1-CE26A867A98C}.Debug|x64.Build.0 = Debug|x64
		{77A7B8DF-9FC4-42A5-BEA1-CE26A867A98C}.Debug|x86.ActiveCfg = Debug|Win32
		{77A7B8DF-9FC4-42A5-BEA1-CE26A867A98C}.Debug|x86.Build.0 = Debug|Win32
		{77A7B8DF-9FC4-42A5-BEA1-CE26A867A98C}.Release|x64.ActiveCfg = Release|x64
		{77A7B8DF-9FC4-42A5-BEA1-CE26A867A98C}.Release|x64.Build.0 = Release|x64
		{77A7B8DF-9FC4-42A5-BEA1-CE26A867A98C}.Release|x86.ActiveCfg = Release|Win32
		{77A7B8DF-9FC4-42A5-BEA1-CE26A867A98C}.Release|x86.Build.0 = Release|Win32
		{656E9F65-B4B5-41C0-8D33-D59613E013B5}.Debug|x64.ActiveCfg = Debug|x64
		{656E9F65-B4B5-41C0-8D33-D59613E013B5}.Debug|x64.Build.0 = Debug|x64
		{656E9F65-B4B5-41C0-8D33-D59613E013B5}.Debug|x86.ActiveCfg = Debug|Win32
		{656E9F65-B4B5-41C0-8D33-D59613E013B5}.Debug|x86.Build.0 = Debug|Win32
		{656E9F65-B4B5-41C0-8D33-D59613E013B5}.Release|x64.ActiveCfg = Release|x64
		{656E9F65-B4B5-41C0-8D33-D59613E013B5}.Release|x64.Build.0 = Release|x64
		{656E9F65-B4B5-41C0-8D33-D59613E013B5}.Release|x86.ActiveCfg = Release|Win32
		{656E9F65-B4B5-41C0-8D33-D59613E013B5}.Release|x86.Build.0 = Release|Win32
		{80016BCE-1BDE-4724-A776-9951AEBAD68B}.Debug|x64.ActiveCfg = Debug|x64
		{80016BCE-1BDE-4724-A776-9951AEBAD68B}.Debug|x64.Build.0 = Debug|x64
		{80016BCE-1BDE-4724-A776-9951AEBAD68B}.Debug|x86.ActiveCfg = Debug|Win32
		{80016BCE-1BDE-4724-A776-9951AEBAD68B}.Debug|x86.Build.0 = Debug|Win32
		{80016BCE-1BDE-4724-A776-9951AEBAD68B}.Release|x64.ActiveCfg = Release|x64
		{80016BCE-1BDE-4724-A776-9951AEBAD68B}.Release|x64.Build.0 = Release|x64
		{80016BCE-1BDE-4724-A776-9951AEBAD68B}.Release|x86.ActiveCfg = Release|Win32
		{80016BCE-1BDE-4724-A776-9951AEBAD68B}.Release|x86.Build.0 = Release|Win32
		{164EA023-D2C0-40AB-9CB5-1A737ACD15F9}.Debug|x64.ActiveCfg = Debug|x64
		{164EA023-D2C0-40AB-9CB5-1A737ACD15F9}.Debug|x64.Build.0 = Debug|x64
		{164EA023-D2C0-40AB-9CB5-1A737ACD15F9}.Debug|x86.ActiveCfg = Debug|Win32
		{164EA023-D2C0-40AB-9CB5-1A737ACD15F9}.Debug|x86.Build.0 = Debug|Win32
		{164EA023-D2C0-40AB-9CB5-1A737ACD15F9}.Release|x64.ActiveCfg = Release|x64
		{164EA023-D2C0-40AB-9CB5-1A737ACD15F9}.Release|x64.Build.0 = Release|x64
		{164EA023-D2C0-40AB-9CB5-1A737ACD15F9}.Release|x86.ActiveCfg = Release|Win32
		{164EA023-D2C0-40AB-9CB5-1A737ACD15F9}.Release|x86.Build.0 = Release|Win32
		{7901A849-4357-4A73-8561-A8647CC9F9BD}.Debug|x64.ActiveCfg = Debug|x64
		{7901A849-4357-4A73-8561-A8647CC9F9BD}.Debug|x64.Build.0 = Debug|x64
		{7901A849-4357-4A73-8561-A8647CC9F9BD}.Debug|x86.ActiveCfg = Debug|Win32
		{7901A849-4357-4A73-8561-A8647CC9F9BD}.Debug|x86.Build.0 = Debug|Win32
		{7901A849-4357-4A73-8561-A8647CC9F9BD}.Release|x64.ActiveCfg = Release|x64
		{7901A849-4357-4A73-8561-A8647CC9F9BD}.Release|x64.Build.0 = Release|x64
		{7901A849-4357-4A73-8561-A8647CC9F9BD}.Release|x86.ActiveCfg = Release|Win32
		{7901A849-4357-4A73-8561-A8647CC9F9BD}.Release|x86.Build.0 = Release|Win32
		{7AD9940E-2347-4AFE-A589-4046CD5E7609}.Debug|x64.ActiveCfg = Debug|x64
		{7AD9940E-2347-4AFE-A589-4046CD5E7609}.Debug|x64.Build.0 = Debug|x64
		{7AD9940E-2347-4AFE-A589-4046CD5E7609}.Debug|x86.ActiveCfg = Debug|Win32
		{7AD9940E-2347-4AFE-A589-4046CD5E7609}.Debug|x86.Build.0 = Debug|Win32
		{7AD9940E-2347-4AFE-A589-4046CD5E7609}.Release|x64.ActiveCfg = Release|x64
		{7AD9940E-2347-4AFE-A589-4046CD5E7609}.Release|x64.Build.0 = Release|x64
		{7AD9940E-2347-4AFE-A589-4046CD5E7609}.Release|x86.ActiveCfg = Release|Win32
		{7AD9940E-2347-4AFE-A589-4046CD5E7609}.Release|x86.Build.0 = Release|Win32
		{CB6296F2-9B92-4B3E-9922-3276B183A94E}.Debug|x64.ActiveCfg = Debug|x64
		{CB6296F2-9B92-4B3E-9922-3276B183A94E}.Debug|x64.Build.0 = Debug|x64
		{CB6296F2-9B92-4B3E-9922-3276B183A94E}.Debug|x86.ActiveCfg = Debug|Win32
		{CB6296F2-9B92-4B3E-9922-3276B183A94E}.Debug|x86.Build.0 = Debug|Win32
		{CB6296F2-9B92-4B3E-9922-3276B183A94E}.Release|x64.ActiveCfg = Release|x64
		{CB6296F2-9B92-4B3E-9922-3276B183A94E}.Release|x64.Build.0 = Release|x64
		{CB6296F2-9B92-4B3E-9922-3276B183A94E}.Release|x86.ActiveCfg = Release|Win32
		{CB6296F2-9B92-4B3E-9922-3276B183A94E}.Release|x86.Build.0 = Release|Win32
	EndGlobalSection
	GlobalSection(SolutionProperties) = preSolution
		HideSolutionNode = FALSE
	EndGlobalSection
	GlobalSection(ExtensibilityGlobals) = postSolution
		SolutionGuid = {8FD6C7B0-F30B-49AD-BA8E-79BFE7B3CCFC}
	EndGlobalSection
EndGlobal
